
Microsoft Visual Studio Solution File, Format Version 12.00
# Visual Studio Version 17
VisualStudioVersion = 17.6.33723.286
MinimumVisualStudioVersion = 10.0.40219.1
Project("{FAE04EC0-301F-11D3-BF4B-00C04F79EFBC}") = "PortfolioSite", "PortfolioSite\PortfolioSite.csproj", "{D2F4748A-652D-4B95-B304-11898A085D07}"
EndProject
Global
	GlobalSection(SolutionConfigurationPlatforms) = preSolution
		Debug|Any CPU = Debug|Any CPU
		Release|Any CPU = Release|Any CPU
	EndGlobalSection
	GlobalSection(ProjectConfigurationPlatforms) = postSolution
		{D2F4748A-652D-4B95-B304-11898A085D07}.Debug|Any CPU.ActiveCfg = Debug|Any CPU
		{D2F4748A-652D-4B95-B304-11898A085D07}.Debug|Any CPU.Build.0 = Debug|Any CPU
		{D2F4748A-652D-4B95-B304-11898A085D07}.Release|Any CPU.ActiveCfg = Release|Any CPU
		{D2F4748A-652D-4B95-B304-11898A085D07}.Release|Any CPU.Build.0 = Release|Any CPU
	EndGlobalSection
	GlobalSection(SolutionProperties) = preSolution
		HideSolutionNode = FALSE
	EndGlobalSection
	GlobalSection(ExtensibilityGlobals) = postSolution
		SolutionGuid = {5814692C-B94D-4C18-8383-01FB43FEFC58}
	EndGlobalSection
EndGlobal
